
Microsoft Visual Studio Solution File, Format Version 12.00
# Visual Studio Version 17
VisualStudioVersion = 17.8.34511.84
MinimumVisualStudioVersion = 10.0.40219.1
Project("{FAE04EC0-301F-11D3-BF4B-00C04F79EFBC}") = "S1-kalkulacka", "S1-kalkulacka\S1-kalkulacka.csproj", "{97B4040C-E1ED-4682-BAFC-78B84C05445D}"
EndProject
Global
	GlobalSection(SolutionConfigurationPlatforms) = preSolution
		Debug|Any CPU = Debug|Any CPU
		Release|Any CPU = Release|Any CPU
	EndGlobalSection
	GlobalSection(ProjectConfigurationPlatforms) = postSolution
		{97B4040C-E1ED-4682-BAFC-78B84C05445D}.Debug|Any CPU.ActiveCfg = Debug|Any CPU
		{97B4040C-E1ED-4682-BAFC-78B84C05445D}.Debug|Any CPU.Build.0 = Debug|Any CPU
		{97B4040C-E1ED-4682-BAFC-78B84C05445D}.Release|Any CPU.ActiveCfg = Release|Any CPU
		{97B4040C-E1ED-4682-BAFC-78B84C05445D}.Release|Any CPU.Build.0 = Release|Any CPU
	EndGlobalSection
	GlobalSection(SolutionProperties) = preSolution
		HideSolutionNode = FALSE
	EndGlobalSection
	GlobalSection(ExtensibilityGlobals) = postSolution
		SolutionGuid = {0BE0A283-2A3F-4E1D-8529-49ED59371229}
	EndGlobalSection
EndGlobal
